<Solution>
  <Folder Name="/Solution Items/">
    <File Path="Directory.Build.props" />
    <File Path="Directory.Packages.props" />
    <File Path=".editorconfig" />
  </Folder>
  <Folder Name="/src/" />
  <Folder Name="/src/Catalog/">
    <Project Path="src/Catalog/LibraryManagement.Catalog.Application/LibraryManagement.Catalog.Application.csproj" />
    <Project Path="src/Catalog/LibraryManagement.Catalog.Domain/LibraryManagement.Catalog.Domain.csproj" />
    <Project Path="src/Catalog/LibraryManagement.Catalog.Infrastructure/LibraryManagement.Catalog.Infrastructure.csproj" />
    <Project Path="src/Catalog/LibraryManagement.Catalog.PublishedLanguage/LibraryManagement.Catalog.PublishedLanguage.csproj" />
  </Folder>
  <Folder Name="/src/Holdings/">
    <Project Path="src/Holdings/LibraryManagement.Holdings.Application/LibraryManagement.Holdings.Application.csproj" />
    <Project Path="src/Holdings/LibraryManagement.Holdings.Domain/LibraryManagement.Holdings.Domain.csproj" />
    <Project Path="src/Holdings/LibraryManagement.Holdings.Infrastructure/LibraryManagement.Holdings.Infrastructure.csproj" />
    <Project Path="src/Holdings/LibraryManagement.Holdings.PublishedLanguage/LibraryManagement.Holdings.PublishedLanguage.csproj" />
  </Folder>
  <Folder Name="/src/Members/">
    <Project Path="src/Members/LibraryManagement.Members.Application/LibraryManagement.Members.Application.csproj" />
    <Project Path="src/Members/LibraryManagement.Members.Domain/LibraryManagement.Members.Domain.csproj" />
    <Project Path="src/Members/LibraryManagement.Members.Infrastructure/LibraryManagement.Members.Infrastructure.csproj" />
    <Project Path="src/Members/LibraryManagement.Members.PublishedLanguage/LibraryManagement.Members.PublishedLanguage.csproj" />
  </Folder>
  <Folder Name="/src/Shared/">
    <Project Path="src/Shared/LibraryManagement.Shared.Application/LibraryManagement.Shared.Application.csproj" />
    <Project Path="src/Shared/LibraryManagement.Shared.Domain/LibraryManagement.Shared.Domain.csproj" />
    <Project Path="src/Shared/LibraryManagement.Shared.Infrastructure/LibraryManagement.Shared.Infrastructure.csproj" />
  </Folder>
  <Folder Name="/Tests/" />
  <Folder Name="/Tests/Architecture/">
    <Project Path="tests/Architecture/LibraryManagement.Architecture.Tests/LibraryManagement.Architecture.Tests.csproj" />
  </Folder>
  <Folder Name="/Tests/Composition/">
    <Project Path="tests/Composition/LibraryManagement.Composition.Tests/LibraryManagement.Composition.Tests.csproj" />
  </Folder>
  <Folder Name="/Tests/Catalog/">
    <Project Path="tests/Catalog/LibraryManagement.Catalog.Application.Tests/LibraryManagement.Catalog.Application.Tests.csproj" />
    <Project Path="tests/Catalog/LibraryManagement.Catalog.Domain.Tests/LibraryManagement.Catalog.Domain.Tests.csproj" />
    <Project Path="tests/Catalog/LibraryManagement.Catalog.Infrastructure.Tests/LibraryManagement.Catalog.Infrastructure.Tests.csproj" />
  </Folder>
  <Folder Name="/Tests/Holdings/">
    <Project Path="tests/Holdings/LibraryManagement.Holdings.Application.Tests/LibraryManagement.Holdings.Application.Tests.csproj" />
    <Project Path="tests/Holdings/LibraryManagement.Holdings.Domain.Tests/LibraryManagement.Holdings.Domain.Tests.csproj" />
    <Project Path="tests/Holdings/LibraryManagement.Holdings.Infrastructure.Tests/LibraryManagement.Holdings.Infrastructure.Tests.csproj" />
  </Folder>
  <Folder Name="/Tests/Members/">
    <Project Path="tests/Members/LibraryManagement.Members.Application.Tests/LibraryManagement.Members.Application.Tests.csproj" />
    <Project Path="tests/Members/LibraryManagement.Members.Domain.Tests/LibraryManagement.Members.Domain.Tests.csproj" />
    <Project Path="tests/Members/LibraryManagement.Members.Infrastructure.Tests/LibraryManagement.Members.Infrastructure.Tests.csproj" />
  </Folder>
  <Folder Name="/Tests/Shared/">
    <Project Path="tests/Shared/LibraryManagement.Shared.Domain.Tests/LibraryManagement.Shared.Domain.Tests.csproj" />
    <Project Path="tests/Shared/LibraryManagement.Shared.Infrastructure.Tests/LibraryManagement.Shared.Infrastructure.Tests.csproj" />
  </Folder>
</Solution>
