<Solution>
  <Folder Name="/Solution Items/">
    <File Path="Directory.Build.props" />
    <File Path="Directory.Packages.props" />
    <File Path=".editorconfig" />
  </Folder>
  <Folder Name="/Shared/">
    <Project Path="src/Shared/LibraryManagement.Shared.Application/LibraryManagement.Shared.Application.csproj" />
    <Project Path="src/Shared/LibraryManagement.Shared.Domain/LibraryManagement.Shared.Domain.csproj" />
  </Folder>
</Solution>
